
Microsoft Visual Studio Solution File, Format Version 12.00
# Visual Studio Version 17
VisualStudioVersion = 17.11.35327.3
MinimumVisualStudioVersion = 10.0.40219.1
Project("{9A19103F-16F7-4668-BE54-9A1E7A4F7556}") = "MagicBard.PlaylistAPI", "MagicBard.PlaylistAPI\MagicBard.PlaylistAPI.csproj", "{9470D03E-EF9C-4FBE-AB83-D74FD8368163}"
EndProject
Project("{888888A0-9F3D-457C-B088-3A5042F75D52}") = "MagicBard", "MagicBard.pyproj", "{B3E88692-1A95-43D5-BFB2-2DB35052D6BA}"
EndProject
Project("{FAE04EC0-301F-11D3-BF4B-00C04F79EFBC}") = "MagicBard.DownloaderAPI", "MagicBard.DownloaderAPI\MagicBard.DownloaderAPI.csproj", "{0D190208-CFBD-486E-9B75-4DE38379F957}"
EndProject
Global
	GlobalSection(SolutionConfigurationPlatforms) = preSolution
		Debug|Any CPU = Debug|Any CPU
		Release|Any CPU = Release|Any CPU
	EndGlobalSection
	GlobalSection(ProjectConfigurationPlatforms) = postSolution
		{9470D03E-EF9C-4FBE-AB83-D74FD8368163}.Debug|Any CPU.ActiveCfg = Debug|Any CPU
		{9470D03E-EF9C-4FBE-AB83-D74FD8368163}.Debug|Any CPU.Build.0 = Debug|Any CPU
		{9470D03E-EF9C-4FBE-AB83-D74FD8368163}.Release|Any CPU.ActiveCfg = Release|Any CPU
		{9470D03E-EF9C-4FBE-AB83-D74FD8368163}.Release|Any CPU.Build.0 = Release|Any CPU
		{B3E88692-1A95-43D5-BFB2-2DB35052D6BA}.Debug|Any CPU.ActiveCfg = Debug|Any CPU
		{B3E88692-1A95-43D5-BFB2-2DB35052D6BA}.Release|Any CPU.ActiveCfg = Release|Any CPU
		{0D190208-CFBD-486E-9B75-4DE38379F957}.Debug|Any CPU.ActiveCfg = Debug|Any CPU
		{0D190208-CFBD-486E-9B75-4DE38379F957}.Debug|Any CPU.Build.0 = Debug|Any CPU
		{0D190208-CFBD-486E-9B75-4DE38379F957}.Release|Any CPU.ActiveCfg = Release|Any CPU
		{0D190208-CFBD-486E-9B75-4DE38379F957}.Release|Any CPU.Build.0 = Release|Any CPU
	EndGlobalSection
	GlobalSection(SolutionProperties) = preSolution
		HideSolutionNode = FALSE
	EndGlobalSection
	GlobalSection(ExtensibilityGlobals) = postSolution
		SolutionGuid = {EDC83CB4-3A7F-416A-96B9-0367F53BDA9F}
	EndGlobalSection
EndGlobal
